
Microsoft Visual Studio Solution File, Format Version 12.00
# Visual Studio Version 17
VisualStudioVersion = 17.13.35919.96 d17.13
MinimumVisualStudioVersion = 10.0.40219.1
Project("{8BC9CEB8-8B4A-11D0-8D11-00A0C91BC942}") = "Server", "Server\Server.vcxproj", "{59EAAA4C-FD3A-44D4-925B-D4B55704298C}"
EndProject
Project("{8BC9CEB8-8B4A-11D0-8D11-00A0C91BC942}") = "Client", "Client\Client.vcxproj", "{56F7E887-871E-4135-A885-ED8C38ADEA60}"
EndProject
Global
	GlobalSection(SolutionConfigurationPlatforms) = preSolution
		Debug|x64 = Debug|x64
		Debug|x86 = Debug|x86
		Release|x64 = Release|x64
		Release|x86 = Release|x86
	EndGlobalSection
	GlobalSection(ProjectConfigurationPlatforms) = postSolution
		{59EAAA4C-FD3A-44D4-925B-D4B55704298C}.Debug|x64.ActiveCfg = Debug|x64
		{59EAAA4C-FD3A-44D4-925B-D4B55704298C}.Debug|x64.Build.0 = Debug|x64
		{59EAAA4C-FD3A-44D4-925B-D4B55704298C}.Debug|x86.ActiveCfg = Debug|Win32
		{59EAAA4C-FD3A-44D4-925B-D4B55704298C}.Debug|x86.Build.0 = Debug|Win32
		{59EAAA4C-FD3A-44D4-925B-D4B55704298C}.Release|x64.ActiveCfg = Release|x64
		{59EAAA4C-FD3A-44D4-925B-D4B55704298C}.Release|x64.Build.0 = Release|x64
		{59EAAA4C-FD3A-44D4-925B-D4B55704298C}.Release|x86.ActiveCfg = Release|Win32
		{59EAAA4C-FD3A-44D4-925B-D4B55704298C}.Release|x86.Build.0 = Release|Win32
		{56F7E887-871E-4135-A885-ED8C38ADEA60}.Debug|x64.ActiveCfg = Debug|x64
		{56F7E887-871E-4135-A885-ED8C38ADEA60}.Debug|x64.Build.0 = Debug|x64
		{56F7E887-871E-4135-A885-ED8C38ADEA60}.Debug|x86.ActiveCfg = Debug|Win32
		{56F7E887-871E-4135-A885-ED8C38ADEA60}.Debug|x86.Build.0 = Debug|Win32
		{56F7E887-871E-4135-A885-ED8C38ADEA60}.Release|x64.ActiveCfg = Release|x64
		{56F7E887-871E-4135-A885-ED8C38ADEA60}.Release|x64.Build.0 = Release|x64
		{56F7E887-871E-4135-A885-ED8C38ADEA60}.Release|x86.ActiveCfg = Release|Win32
		{56F7E887-871E-4135-A885-ED8C38ADEA60}.Release|x86.Build.0 = Release|Win32
	EndGlobalSection
	GlobalSection(SolutionProperties) = preSolution
		HideSolutionNode = FALSE
	EndGlobalSection
	GlobalSection(ExtensibilityGlobals) = postSolution
		SolutionGuid = {04D4BDAC-E764-4C5A-9D7A-39FEFCF8CB8C}
	EndGlobalSection
EndGlobal
